
Microsoft Visual Studio Solution File, Format Version 12.00
# Visual Studio 15
VisualStudioVersion = 15.0.28307.572
MinimumVisualStudioVersion = 10.0.40219.1
Project("{8BC9CEB8-8B4A-11D0-8D11-00A0C91BC942}") = "UnkoGL", "UnkoGL.vcxproj", "{E7AD5288-4A79-40EE-BA1A-2BB96432DAC2}"
EndProject
Global
	GlobalSection(SolutionConfigurationPlatforms) = preSolution
		Debug|x64 = Debug|x64
		Debug|x86 = Debug|x86
		Release|x64 = Release|x64
		Release|x86 = Release|x86
	EndGlobalSection
	GlobalSection(ProjectConfigurationPlatforms) = postSolution
		{E7AD5288-4A79-40EE-BA1A-2BB96432DAC2}.Debug|x64.ActiveCfg = Debug|x64
		{E7AD5288-4A79-40EE-BA1A-2BB96432DAC2}.Debug|x64.Build.0 = Debug|x64
		{E7AD5288-4A79-40EE-BA1A-2BB96432DAC2}.Debug|x86.ActiveCfg = Debug|Win32
		{E7AD5288-4A79-40EE-BA1A-2BB96432DAC2}.Debug|x86.Build.0 = Debug|Win32
		{E7AD5288-4A79-40EE-BA1A-2BB96432DAC2}.Release|x64.ActiveCfg = Release|x64
		{E7AD5288-4A79-40EE-BA1A-2BB96432DAC2}.Release|x64.Build.0 = Release|x64
		{E7AD5288-4A79-40EE-BA1A-2BB96432DAC2}.Release|x86.ActiveCfg = Release|Win32
		{E7AD5288-4A79-40EE-BA1A-2BB96432DAC2}.Release|x86.Build.0 = Release|Win32
	EndGlobalSection
	GlobalSection(SolutionProperties) = preSolution
		HideSolutionNode = FALSE
	EndGlobalSection
	GlobalSection(ExtensibilityGlobals) = postSolution
		SolutionGuid = {8BB90652-7B4E-4E93-8A8E-F87F6DB290BF}
	EndGlobalSection
EndGlobal
