<?xml version="1.0" encoding="utf-8"?>
<Project ToolsVersion="4.0" xmlns="http://schemas.microsoft.com/developer/msbuild/2003">
  <ItemGroup>
    <ClCompile Include="src\Bone.cpp" />
    <ClCompile Include="src\main.cpp" />
    <ClCompile Include="src\lodepng.cpp" />
    <ClCompile Include="src\operateImage.cpp" />
    <ClCompile Include="src\time.cpp" />
  </ItemGroup>
  <ItemGroup>
    <ClInclude Include="src\lodepng.h" />
    <ClInclude Include="src\Bone.h" />
    <ClInclude Include="src\operateImage.h" />
    <ClInclude Include="src\time.h" />
  </ItemGroup>
  <ItemGroup>
    <None Include="shaders\fragment_shader.glsl" />
    <None Include="shaders\transform_feedback.glsl" />
    <None Include="shaders\vertex_shader.glsl" />
  </ItemGroup>
</Project>